
Microsoft Visual Studio Solution File, Format Version 12.00
# Visual Studio Version 17
VisualStudioVersion = 17.12.35514.174 d17.12
MinimumVisualStudioVersion = 10.0.40219.1
Project("{FAE04EC0-301F-11D3-BF4B-00C04F79EFBC}") = "CoffeeShopWebAPI", "CoffeeShopWebAPI.csproj", "{80A47835-AF4B-490A-95A4-D8630B0E6DB4}"
EndProject
Global
	GlobalSection(SolutionConfigurationPlatforms) = preSolution
		Debug|Any CPU = Debug|Any CPU
		Release|Any CPU = Release|Any CPU
	EndGlobalSection
	GlobalSection(ProjectConfigurationPlatforms) = postSolution
		{80A47835-AF4B-490A-95A4-D8630B0E6DB4}.Debug|Any CPU.ActiveCfg = Debug|Any CPU
		{80A47835-AF4B-490A-95A4-D8630B0E6DB4}.Debug|Any CPU.Build.0 = Debug|Any CPU
		{80A47835-AF4B-490A-95A4-D8630B0E6DB4}.Release|Any CPU.ActiveCfg = Release|Any CPU
		{80A47835-AF4B-490A-95A4-D8630B0E6DB4}.Release|Any CPU.Build.0 = Release|Any CPU
	EndGlobalSection
	GlobalSection(SolutionProperties) = preSolution
		HideSolutionNode = FALSE
	EndGlobalSection
EndGlobal
